
Microsoft Visual Studio Solution File, Format Version 12.00
# Visual Studio Version 16
VisualStudioVersion = 16.0.30711.63
MinimumVisualStudioVersion = 10.0.40219.1
Project("{FAE04EC0-301F-11D3-BF4B-00C04F79EFBC}") = "ClientSpaceWander", "ClientSpaceWander\ClientSpaceWander.csproj", "{5694F153-3CC9-45DB-95EC-48C9F2CA1BF1}"
EndProject
Global
	GlobalSection(SolutionConfigurationPlatforms) = preSolution
		Debug|Any CPU = Debug|Any CPU
		Release|Any CPU = Release|Any CPU
	EndGlobalSection
	GlobalSection(ProjectConfigurationPlatforms) = postSolution
		{5694F153-3CC9-45DB-95EC-48C9F2CA1BF1}.Debug|Any CPU.ActiveCfg = Debug|Any CPU
		{5694F153-3CC9-45DB-95EC-48C9F2CA1BF1}.Debug|Any CPU.Build.0 = Debug|Any CPU
		{5694F153-3CC9-45DB-95EC-48C9F2CA1BF1}.Release|Any CPU.ActiveCfg = Release|Any CPU
		{5694F153-3CC9-45DB-95EC-48C9F2CA1BF1}.Release|Any CPU.Build.0 = Release|Any CPU
	EndGlobalSection
	GlobalSection(SolutionProperties) = preSolution
		HideSolutionNode = FALSE
	EndGlobalSection
	GlobalSection(ExtensibilityGlobals) = postSolution
		SolutionGuid = {24EADF51-BA99-4B7E-8457-D2AE84DB144E}
	EndGlobalSection
EndGlobal
