
Microsoft Visual Studio Solution File, Format Version 12.00
# Visual Studio Version 16
VisualStudioVersion = 16.0.30711.63
MinimumVisualStudioVersion = 10.0.40219.1
Project("{FAE04EC0-301F-11D3-BF4B-00C04F79EFBC}") = "Meeting", "Meeting\Meeting.csproj", "{3DB676B5-68C5-41CC-BF81-D14624BA3CB8}"
EndProject
Global
	GlobalSection(SolutionConfigurationPlatforms) = preSolution
		Debug|Any CPU = Debug|Any CPU
		Release|Any CPU = Release|Any CPU
	EndGlobalSection
	GlobalSection(ProjectConfigurationPlatforms) = postSolution
		{3DB676B5-68C5-41CC-BF81-D14624BA3CB8}.Debug|Any CPU.ActiveCfg = Debug|Any CPU
		{3DB676B5-68C5-41CC-BF81-D14624BA3CB8}.Debug|Any CPU.Build.0 = Debug|Any CPU
		{3DB676B5-68C5-41CC-BF81-D14624BA3CB8}.Release|Any CPU.ActiveCfg = Release|Any CPU
		{3DB676B5-68C5-41CC-BF81-D14624BA3CB8}.Release|Any CPU.Build.0 = Release|Any CPU
	EndGlobalSection
	GlobalSection(SolutionProperties) = preSolution
		HideSolutionNode = FALSE
	EndGlobalSection
	GlobalSection(ExtensibilityGlobals) = postSolution
		SolutionGuid = {3718C7CD-DF67-4739-9514-3242984047E3}
	EndGlobalSection
EndGlobal
