
Microsoft Visual Studio Solution File, Format Version 12.00
# Visual Studio Version 16
VisualStudioVersion = 16.0.30711.63
MinimumVisualStudioVersion = 10.0.40219.1
Project("{FAE04EC0-301F-11D3-BF4B-00C04F79EFBC}") = "TakeATenMinuteWalk", "TakeATenMinuteWalk\TakeATenMinuteWalk.csproj", "{A2CDBB58-FBEF-42F4-90AA-1092A3BEB021}"
EndProject
Global
	GlobalSection(SolutionConfigurationPlatforms) = preSolution
		Debug|Any CPU = Debug|Any CPU
		Release|Any CPU = Release|Any CPU
	EndGlobalSection
	GlobalSection(ProjectConfigurationPlatforms) = postSolution
		{A2CDBB58-FBEF-42F4-90AA-1092A3BEB021}.Debug|Any CPU.ActiveCfg = Debug|Any CPU
		{A2CDBB58-FBEF-42F4-90AA-1092A3BEB021}.Debug|Any CPU.Build.0 = Debug|Any CPU
		{A2CDBB58-FBEF-42F4-90AA-1092A3BEB021}.Release|Any CPU.ActiveCfg = Release|Any CPU
		{A2CDBB58-FBEF-42F4-90AA-1092A3BEB021}.Release|Any CPU.Build.0 = Release|Any CPU
	EndGlobalSection
	GlobalSection(SolutionProperties) = preSolution
		HideSolutionNode = FALSE
	EndGlobalSection
	GlobalSection(ExtensibilityGlobals) = postSolution
		SolutionGuid = {36B4FB4C-1F6F-4A0A-963E-C45F80628663}
	EndGlobalSection
EndGlobal
